Microsoft Visual Studio Solution File, Format Version 12.00
# Visual Studio Version 17
VisualStudioVersion = 17.10.34916.146
MinimumVisualStudioVersion = 10.0.40219.1
Project("{9A19103F-16F7-4668-BE54-9A1E7A4F7556}") = "APE", "APE\APE.csproj", "{16FF5A42-2802-4E42-8A55-56EA70DE9ACE}"
EndProject
Project("{FAE04EC0-301F-11D3-BF4B-00C04F79EFBC}") = "APE.Core", "APE.Core\APE.Core.csproj", "{25B1C2AD-3422-4010-B4F0-54654F18A788}"
EndProject
Project("{2150E333-8FDC-42A3-9474-1A3956D46DE8}") = "HowTo", "HowTo", "{6CCCEE84-C01E-4DE2-9A9C-D60F05AD7BAC}"
	ProjectSection(SolutionItems) = preProject
		HowTo-AddNewProject.md = HowTo-AddNewProject.md
	EndProjectSection
EndProject
Project("{FAE04EC0-301F-11D3-BF4B-00C04F79EFBC}") = "APE.DataAccess", "APE.DataAccess\APE.DataAccess.csproj", "{8F3EDF0F-0442-4F15-BD3E-2EAADCB48FE4}"
EndProject
Global
	GlobalSection(SolutionConfigurationPlatforms) = preSolution
		Debug|Any CPU = Debug|Any CPU
		Release|Any CPU = Release|Any CPU
	EndGlobalSection
	GlobalSection(ProjectConfigurationPlatforms) = postSolution
		{16FF5A42-2802-4E42-8A55-56EA70DE9ACE}.Debug|Any CPU.ActiveCfg = Debug|Any CPU
		{16FF5A42-2802-4E42-8A55-56EA70DE9ACE}.Debug|Any CPU.Build.0 = Debug|Any CPU
		{16FF5A42-2802-4E42-8A55-56EA70DE9ACE}.Release|Any CPU.ActiveCfg = Release|Any CPU
		{16FF5A42-2802-4E42-8A55-56EA70DE9ACE}.Release|Any CPU.Build.0 = Release|Any CPU
		{25B1C2AD-3422-4010-B4F0-54654F18A788}.Debug|Any CPU.ActiveCfg = Debug|Any CPU
		{25B1C2AD-3422-4010-B4F0-54654F18A788}.Debug|Any CPU.Build.0 = Debug|Any CPU
		{25B1C2AD-3422-4010-B4F0-54654F18A788}.Release|Any CPU.ActiveCfg = Release|Any CPU
		{25B1C2AD-3422-4010-B4F0-54654F18A788}.Release|Any CPU.Build.0 = Release|Any CPU
		{8F3EDF0F-0442-4F15-BD3E-2EAADCB48FE4}.Debug|Any CPU.ActiveCfg = Debug|Any CPU
		{8F3EDF0F-0442-4F15-BD3E-2EAADCB48FE4}.Debug|Any CPU.Build.0 = Debug|Any CPU
		{8F3EDF0F-0442-4F15-BD3E-2EAADCB48FE4}.Release|Any CPU.ActiveCfg = Release|Any CPU
		{8F3EDF0F-0442-4F15-BD3E-2EAADCB48FE4}.Release|Any CPU.Build.0 = Release|Any CPU
	EndGlobalSection
	GlobalSection(SolutionProperties) = preSolution
		HideSolutionNode = FALSE
	EndGlobalSection
	GlobalSection(ExtensibilityGlobals) = postSolution
		SolutionGuid = {8246CEFF-46BF-4EDB-ABE5-05E3C6B12776}
	EndGlobalSection
EndGlobal
